
Microsoft Visual Studio Solution File, Format Version 12.00
# Visual Studio Version 16
VisualStudioVersion = 16.0.31605.320
MinimumVisualStudioVersion = 10.0.40219.1
Project("{FAE04EC0-301F-11D3-BF4B-00C04F79EFBC}") = "MetodeAvansantedeProgramare_Curs_06.10.22", "MetodeAvansantedeProgramare_Curs_06.10.22\MetodeAvansantedeProgramare_Curs_06.10.22.csproj", "{80D4B4FA-8DF0-4E85-B22D-45ED6785AE5A}"
EndProject
Global
	GlobalSection(SolutionConfigurationPlatforms) = preSolution
		Debug|Any CPU = Debug|Any CPU
		Release|Any CPU = Release|Any CPU
	EndGlobalSection
	GlobalSection(ProjectConfigurationPlatforms) = postSolution
		{80D4B4FA-8DF0-4E85-B22D-45ED6785AE5A}.Debug|Any CPU.ActiveCfg = Debug|Any CPU
		{80D4B4FA-8DF0-4E85-B22D-45ED6785AE5A}.Debug|Any CPU.Build.0 = Debug|Any CPU
		{80D4B4FA-8DF0-4E85-B22D-45ED6785AE5A}.Release|Any CPU.ActiveCfg = Release|Any CPU
		{80D4B4FA-8DF0-4E85-B22D-45ED6785AE5A}.Release|Any CPU.Build.0 = Release|Any CPU
	EndGlobalSection
	GlobalSection(SolutionProperties) = preSolution
		HideSolutionNode = FALSE
	EndGlobalSection
	GlobalSection(ExtensibilityGlobals) = postSolution
		SolutionGuid = {3ADBBA2A-67E3-4096-BA08-9AE9F94346E6}
	EndGlobalSection
EndGlobal
